{
	"name": "@almight-sdk/test-utils",
	"version": "0.0.1-alpha.98",
	"lockfileVersion": 1,
	"requires": true,
	"dependencies": {
		"ganache": {
			"version": "7.3.2",
			"resolved": "https://registry.npmjs.org/ganache/-/ganache-7.3.2.tgz",
			"integrity": "sha512-X1IXfqrFQuiMqrONvb4zQqXwjf2Skg8iuofYlFrzWnCI+JZN2hJA5V5Egu/go3YgD8IRpQyLP/Jny0fZM0A5UA==",
			"requires": {
				"@trufflesuite/bigint-buffer": "1.1.10",
				"@types/bn.js": "^5.1.0",
				"@types/lru-cache": "5.1.1",
				"@types/seedrandom": "3.0.1",
				"bufferutil": "4.0.5",
				"emittery": "0.10.0",
				"keccak": "3.0.1",
				"leveldown": "6.1.0",
				"secp256k1": "4.0.2",
				"utf-8-validate": "5.0.7"
			},
			"dependencies": {
				"@trufflesuite/bigint-buffer": {
					"version": "1.1.10",
					"bundled": true,
					"requires": {
						"node-gyp-build": "4.4.0"
					},
					"dependencies": {
						"node-gyp-build": {
							"version": "4.4.0",
							"bundled": true
						}
					}
				},
				"@types/bn.js": {
					"version": "5.1.0",
					"bundled": true,
					"requires": {
						"@types/node": "*"
					}
				},
				"@types/lru-cache": {
					"version": "5.1.1",
					"bundled": true
				},
				"@types/node": {
					"version": "17.0.0",
					"bundled": true
				},
				"@types/seedrandom": {
					"version": "3.0.1",
					"bundled": true
				},
				"base64-js": {
					"version": "1.5.1",
					"bundled": true
				},
				"brorand": {
					"version": "1.1.0",
					"bundled": true
				},
				"buffer": {
					"version": "6.0.3",
					"bundled": true,
					"requires": {
						"base64-js": "^1.3.1",
						"ieee754": "^1.2.1"
					}
				},
				"bufferutil": {
					"version": "4.0.5",
					"resolved": "https://registry.npmjs.org/bufferutil/-/bufferutil-4.0.5.tgz",
					"integrity": "sha512-HTm14iMQKK2FjFLRTM5lAVcyaUzOnqbPtesFIvREgXpJHdQm8bWS+GkQgIkfaBYRHuCnea7w8UVNfwiAQhlr9A==",
					"optional": true,
					"requires": {
						"node-gyp-build": "^4.3.0"
					}
				},
				"catering": {
					"version": "2.1.0",
					"bundled": true,
					"requires": {
						"queue-tick": "^1.0.0"
					}
				},
				"elliptic": {
					"version": "6.5.4",
					"bundled": true,
					"requires": {
						"bn.js": "^4.11.9",
						"brorand": "^1.1.0",
						"hash.js": "^1.0.0",
						"hmac-drbg": "^1.0.1",
						"inherits": "^2.0.4",
						"minimalistic-assert": "^1.0.1",
						"minimalistic-crypto-utils": "^1.0.1"
					},
					"dependencies": {
						"bn.js": {
							"version": "4.12.0",
							"bundled": true
						}
					}
				},
				"emittery": {
					"version": "0.10.0",
					"bundled": true
				},
				"hash.js": {
					"version": "1.1.7",
					"bundled": true,
					"requires": {
						"inherits": "^2.0.3",
						"minimalistic-assert": "^1.0.1"
					}
				},
				"hmac-drbg": {
					"version": "1.0.1",
					"bundled": true,
					"requires": {
						"hash.js": "^1.0.3",
						"minimalistic-assert": "^1.0.0",
						"minimalistic-crypto-utils": "^1.0.1"
					}
				},
				"ieee754": {
					"version": "1.2.1",
					"bundled": true
				},
				"inherits": {
					"version": "2.0.4",
					"bundled": true
				},
				"is-buffer": {
					"version": "2.0.5",
					"bundled": true
				},
				"keccak": {
					"version": "3.0.1",
					"bundled": true,
					"requires": {
						"node-addon-api": "^2.0.0",
						"node-gyp-build": "^4.2.0"
					}
				},
				"leveldown": {
					"version": "6.1.0",
					"bundled": true,
					"requires": {
						"abstract-leveldown": "^7.2.0",
						"napi-macros": "~2.0.0",
						"node-gyp-build": "^4.3.0"
					},
					"dependencies": {
						"abstract-leveldown": {
							"version": "7.2.0",
							"bundled": true,
							"requires": {
								"buffer": "^6.0.3",
								"catering": "^2.0.0",
								"is-buffer": "^2.0.5",
								"level-concat-iterator": "^3.0.0",
								"level-supports": "^2.0.1",
								"queue-microtask": "^1.2.3"
							}
						},
						"level-concat-iterator": {
							"version": "3.1.0",
							"bundled": true,
							"requires": {
								"catering": "^2.1.0"
							}
						},
						"level-supports": {
							"version": "2.1.0",
							"bundled": true
						}
					}
				},
				"minimalistic-assert": {
					"version": "1.0.1",
					"bundled": true
				},
				"minimalistic-crypto-utils": {
					"version": "1.0.1",
					"bundled": true
				},
				"napi-macros": {
					"version": "2.0.0",
					"bundled": true
				},
				"node-addon-api": {
					"version": "2.0.2",
					"bundled": true
				},
				"node-gyp-build": {
					"version": "4.3.0",
					"bundled": true
				},
				"queue-microtask": {
					"version": "1.2.3",
					"bundled": true
				},
				"queue-tick": {
					"version": "1.0.0",
					"bundled": true
				},
				"secp256k1": {
					"version": "4.0.2",
					"bundled": true,
					"requires": {
						"elliptic": "^6.5.2",
						"node-addon-api": "^2.0.0",
						"node-gyp-build": "^4.2.0"
					}
				},
				"utf-8-validate": {
					"version": "5.0.7",
					"resolved": "https://registry.npmjs.org/utf-8-validate/-/utf-8-validate-5.0.7.tgz",
					"integrity": "sha512-vLt1O5Pp+flcArHGIyKEQq883nBt8nN8tVBcoL0qUXj2XT1n7p70yGIq2VK98I5FdZ1YHc0wk/koOnHjnXWk1Q==",
					"optional": true,
					"requires": {
						"node-gyp-build": "^4.3.0"
					}
				}
			}
		}
	}
}
