{
	"name": "@almight-sdk/utils",
	"version": "0.0.0",
	"lockfileVersion": 2,
	"requires": true,
	"packages": {
		"": {
			"name": "@almight-sdk/utils",
			"version": "0.0.0",
			"license": "ISC",
			"dependencies": {
				"@walletconnect/client": "^1.7.7"
			}
		},
		"node_modules/@walletconnect/browser-utils": {
			"version": "1.7.7",
			"resolved": "https://registry.npmjs.org/@walletconnect/browser-utils/-/browser-utils-1.7.7.tgz",
			"integrity": "sha512-6Mt7DSPaG0FKnHhuVzkU1hgtsCpGvl2nfbfRytLpyDY05iWMzMg5uK1DzV+0k4hCt9pVli0JVNt6dh9a6Xm94w==",
			"dependencies": {
				"@walletconnect/safe-json": "1.0.0",
				"@walletconnect/types": "^1.7.7",
				"@walletconnect/window-getters": "1.0.0",
				"@walletconnect/window-metadata": "1.0.0",
				"detect-browser": "5.2.0"
			}
		},
		"node_modules/@walletconnect/client": {
			"version": "1.7.7",
			"resolved": "https://registry.npmjs.org/@walletconnect/client/-/client-1.7.7.tgz",
			"integrity": "sha512-UuDkpXDc1Emx09aGXKz2Fg8omNp5J8ZRgNblnQTb8xnoQ8rgOJSyhbFR37PFIFwVpriZZDAgmy8HlqoGwLQ2ug==",
			"dependencies": {
				"@walletconnect/core": "^1.7.7",
				"@walletconnect/iso-crypto": "^1.7.7",
				"@walletconnect/types": "^1.7.7",
				"@walletconnect/utils": "^1.7.7"
			}
		},
		"node_modules/@walletconnect/core": {
			"version": "1.7.7",
			"resolved": "https://registry.npmjs.org/@walletconnect/core/-/core-1.7.7.tgz",
			"integrity": "sha512-XsF2x4JcBS1V2Nk/Uh38dU7ZlLmW/R5oxHp4+tVgCwTID6nZlo3vUSHBOqM7jgDRblKOHixANollm0r94bM8Cg==",
			"dependencies": {
				"@walletconnect/socket-transport": "^1.7.7",
				"@walletconnect/types": "^1.7.7",
				"@walletconnect/utils": "^1.7.7"
			}
		},
		"node_modules/@walletconnect/crypto": {
			"version": "1.0.2",
			"resolved": "https://registry.npmjs.org/@walletconnect/crypto/-/crypto-1.0.2.tgz",
			"integrity": "sha512-+OlNtwieUqVcOpFTvLBvH+9J9pntEqH5evpINHfVxff1XIgwV55PpbdvkHu6r9Ib4WQDOFiD8OeeXs1vHw7xKQ==",
			"dependencies": {
				"@walletconnect/encoding": "^1.0.1",
				"@walletconnect/environment": "^1.0.0",
				"@walletconnect/randombytes": "^1.0.2",
				"aes-js": "^3.1.2",
				"hash.js": "^1.1.7"
			}
		},
		"node_modules/@walletconnect/encoding": {
			"version": "1.0.1",
			"resolved": "https://registry.npmjs.org/@walletconnect/encoding/-/encoding-1.0.1.tgz",
			"integrity": "sha512-8opL2rs6N6E3tJfsqwS82aZQDL3gmupWUgmvuZ3CGU7z/InZs3R9jkzH8wmYtpbq0sFK3WkJkQRZFFk4BkrmFA==",
			"dependencies": {
				"is-typedarray": "1.0.0",
				"typedarray-to-buffer": "3.1.5"
			}
		},
		"node_modules/@walletconnect/environment": {
			"version": "1.0.0",
			"resolved": "https://registry.npmjs.org/@walletconnect/environment/-/environment-1.0.0.tgz",
			"integrity": "sha512-4BwqyWy6KpSvkocSaV7WR3BlZfrxLbJSLkg+j7Gl6pTDE+U55lLhJvQaMuDVazXYxcjBsG09k7UlH7cGiUI5vQ=="
		},
		"node_modules/@walletconnect/iso-crypto": {
			"version": "1.7.7",
			"resolved": "https://registry.npmjs.org/@walletconnect/iso-crypto/-/iso-crypto-1.7.7.tgz",
			"integrity": "sha512-t8RKJZkFtFyWMFrl0jPz/3RAGhM5yext+MLFq3L/KTPxLgMZuT1yFHRUiV7cAN3+LcCmk6Sy/rV1yQPTiB158Q==",
			"dependencies": {
				"@walletconnect/crypto": "^1.0.2",
				"@walletconnect/types": "^1.7.7",
				"@walletconnect/utils": "^1.7.7"
			}
		},
		"node_modules/@walletconnect/jsonrpc-types": {
			"version": "1.0.0",
			"resolved": "https://registry.npmjs.org/@walletconnect/jsonrpc-types/-/jsonrpc-types-1.0.0.tgz",
			"integrity": "sha512-11QXNq5H1PKZk7bP8SxgmCw3HRaDuPOVE+wObqEvmhc7OWYUZqfuaaMb+OXGRSOHL3sbC+XHfdeCxFTMXSFyng==",
			"dependencies": {
				"keyvaluestorage-interface": "^1.0.0"
			}
		},
		"node_modules/@walletconnect/jsonrpc-utils": {
			"version": "1.0.0",
			"resolved": "https://registry.npmjs.org/@walletconnect/jsonrpc-utils/-/jsonrpc-utils-1.0.0.tgz",
			"integrity": "sha512-qUHbKUK6sHeHn67qtHZoLoYk5hS6x1arTPjKDRkY93/6Fx+ZmNIpdm1owX3l6aYueyegJ7mz43FpvYHUqJ8xcw==",
			"dependencies": {
				"@walletconnect/environment": "^1.0.0",
				"@walletconnect/jsonrpc-types": "^1.0.0"
			}
		},
		"node_modules/@walletconnect/randombytes": {
			"version": "1.0.2",
			"resolved": "https://registry.npmjs.org/@walletconnect/randombytes/-/randombytes-1.0.2.tgz",
			"integrity": "sha512-ivgOtAyqQnN0rLQmOFPemsgYGysd/ooLfaDA/ACQ3cyqlca56t3rZc7pXfqJOIETx/wSyoF5XbwL+BqYodw27A==",
			"dependencies": {
				"@walletconnect/encoding": "^1.0.1",
				"@walletconnect/environment": "^1.0.0",
				"randombytes": "^2.1.0"
			}
		},
		"node_modules/@walletconnect/safe-json": {
			"version": "1.0.0",
			"resolved": "https://registry.npmjs.org/@walletconnect/safe-json/-/safe-json-1.0.0.tgz",
			"integrity": "sha512-QJzp/S/86sUAgWY6eh5MKYmSfZaRpIlmCJdi5uG4DJlKkZrHEF7ye7gA+VtbVzvTtpM/gRwO2plQuiooIeXjfg=="
		},
		"node_modules/@walletconnect/socket-transport": {
			"version": "1.7.7",
			"resolved": "https://registry.npmjs.org/@walletconnect/socket-transport/-/socket-transport-1.7.7.tgz",
			"integrity": "sha512-RxeFkT+5BqdaZzPtPYIw6+KSVh6Q1NaYqTiAzWWh9RPuvuTajIEsi+fUXizfkpmyi9UTYBvdFXnKcB+eSImpDg==",
			"dependencies": {
				"@walletconnect/types": "^1.7.7",
				"@walletconnect/utils": "^1.7.7",
				"ws": "7.5.3"
			}
		},
		"node_modules/@walletconnect/types": {
			"version": "1.7.7",
			"resolved": "https://registry.npmjs.org/@walletconnect/types/-/types-1.7.7.tgz",
			"integrity": "sha512-yXJrLxwLLCXtWgd/e8FjfY9v5DKds12Z7EEPzUrPSq6v7WtXpqate577KwlFQ6UYzioQzIEDE8+98j+0aiZbsw=="
		},
		"node_modules/@walletconnect/utils": {
			"version": "1.7.7",
			"resolved": "https://registry.npmjs.org/@walletconnect/utils/-/utils-1.7.7.tgz",
			"integrity": "sha512-slNlnROS4DEusGFx53hshIBylYhzd5JtGF+AJpza+Tc616+u8ozjQ9aKKUaV85bucnv5Q42bTwLYrYrXiydmuw==",
			"dependencies": {
				"@walletconnect/browser-utils": "^1.7.7",
				"@walletconnect/encoding": "^1.0.1",
				"@walletconnect/jsonrpc-utils": "^1.0.0",
				"@walletconnect/types": "^1.7.7",
				"bn.js": "4.11.8",
				"js-sha3": "0.8.0",
				"query-string": "6.13.5"
			}
		},
		"node_modules/@walletconnect/window-getters": {
			"version": "1.0.0",
			"resolved": "https://registry.npmjs.org/@walletconnect/window-getters/-/window-getters-1.0.0.tgz",
			"integrity": "sha512-xB0SQsLaleIYIkSsl43vm8EwETpBzJ2gnzk7e0wMF3ktqiTGS6TFHxcprMl5R44KKh4tCcHCJwolMCaDSwtAaA=="
		},
		"node_modules/@walletconnect/window-metadata": {
			"version": "1.0.0",
			"resolved": "https://registry.npmjs.org/@walletconnect/window-metadata/-/window-metadata-1.0.0.tgz",
			"integrity": "sha512-9eFvmJxIKCC3YWOL97SgRkKhlyGXkrHwamfechmqszbypFspaSk+t2jQXAEU7YClHF6Qjw5eYOmy1//zFi9/GA==",
			"dependencies": {
				"@walletconnect/window-getters": "^1.0.0"
			}
		},
		"node_modules/aes-js": {
			"version": "3.1.2",
			"resolved": "https://registry.npmjs.org/aes-js/-/aes-js-3.1.2.tgz",
			"integrity": "sha512-e5pEa2kBnBOgR4Y/p20pskXI74UEz7de8ZGVo58asOtvSVG5YAbJeELPZxOmt+Bnz3rX753YKhfIn4X4l1PPRQ=="
		},
		"node_modules/bn.js": {
			"version": "4.11.8",
			"resolved": "https://registry.npmjs.org/bn.js/-/bn.js-4.11.8.tgz",
			"integrity": "sha512-ItfYfPLkWHUjckQCk8xC+LwxgK8NYcXywGigJgSwOP8Y2iyWT4f2vsZnoOXTTbo+o5yXmIUJ4gn5538SO5S3gA=="
		},
		"node_modules/decode-uri-component": {
			"version": "0.2.0",
			"resolved": "https://registry.npmjs.org/decode-uri-component/-/decode-uri-component-0.2.0.tgz",
			"integrity": "sha1-6zkTMzRYd1y4TNGh+uBiEGu4dUU=",
			"engines": {
				"node": ">=0.10"
			}
		},
		"node_modules/detect-browser": {
			"version": "5.2.0",
			"resolved": "https://registry.npmjs.org/detect-browser/-/detect-browser-5.2.0.tgz",
			"integrity": "sha512-tr7XntDAu50BVENgQfajMLzacmSe34D+qZc4zjnniz0ZVuw/TZcLcyxHQjYpJTM36sGEkZZlYLnIM1hH7alTMA=="
		},
		"node_modules/hash.js": {
			"version": "1.1.7",
			"resolved": "https://registry.npmjs.org/hash.js/-/hash.js-1.1.7.tgz",
			"integrity": "sha512-taOaskGt4z4SOANNseOviYDvjEJinIkRgmp7LbKP2YTTmVxWBl87s/uzK9r+44BclBSp2X7K1hqeNfz9JbBeXA==",
			"dependencies": {
				"inherits": "^2.0.3",
				"minimalistic-assert": "^1.0.1"
			}
		},
		"node_modules/inherits": {
			"version": "2.0.4",
			"resolved": "https://registry.npmjs.org/inherits/-/inherits-2.0.4.tgz",
			"integrity": "sha512-k/vGaX4/Yla3WzyMCvTQOXYeIHvqOKtnqBduzTHpzpQZzAskKMhZ2K+EnBiSM9zGSoIFeMpXKxa4dYeZIQqewQ=="
		},
		"node_modules/is-typedarray": {
			"version": "1.0.0",
			"resolved": "https://registry.npmjs.org/is-typedarray/-/is-typedarray-1.0.0.tgz",
			"integrity": "sha1-5HnICFjfDBsR3dppQPlgEfzaSpo="
		},
		"node_modules/js-sha3": {
			"version": "0.8.0",
			"resolved": "https://registry.npmjs.org/js-sha3/-/js-sha3-0.8.0.tgz",
			"integrity": "sha512-gF1cRrHhIzNfToc802P800N8PpXS+evLLXfsVpowqmAFR9uwbi89WvXg2QspOmXL8QL86J4T1EpFu+yUkwJY3Q=="
		},
		"node_modules/keyvaluestorage-interface": {
			"version": "1.0.0",
			"resolved": "https://registry.npmjs.org/keyvaluestorage-interface/-/keyvaluestorage-interface-1.0.0.tgz",
			"integrity": "sha512-8t6Q3TclQ4uZynJY9IGr2+SsIGwK9JHcO6ootkHCGA0CrQCRy+VkouYNO2xicET6b9al7QKzpebNow+gkpCL8g=="
		},
		"node_modules/minimalistic-assert": {
			"version": "1.0.1",
			"resolved": "https://registry.npmjs.org/minimalistic-assert/-/minimalistic-assert-1.0.1.tgz",
			"integrity": "sha512-UtJcAD4yEaGtjPezWuO9wC4nwUnVH/8/Im3yEHQP4b67cXlD/Qr9hdITCU1xDbSEXg2XKNaP8jsReV7vQd00/A=="
		},
		"node_modules/query-string": {
			"version": "6.13.5",
			"resolved": "https://registry.npmjs.org/query-string/-/query-string-6.13.5.tgz",
			"integrity": "sha512-svk3xg9qHR39P3JlHuD7g3nRnyay5mHbrPctEBDUxUkHRifPHXJDhBUycdCC0NBjXoDf44Gb+IsOZL1Uwn8M/Q==",
			"dependencies": {
				"decode-uri-component": "^0.2.0",
				"split-on-first": "^1.0.0",
				"strict-uri-encode": "^2.0.0"
			},
			"engines": {
				"node": ">=6"
			},
			"funding": {
				"url": "https://github.com/sponsors/sindresorhus"
			}
		},
		"node_modules/randombytes": {
			"version": "2.1.0",
			"resolved": "https://registry.npmjs.org/randombytes/-/randombytes-2.1.0.tgz",
			"integrity": "sha512-vYl3iOX+4CKUWuxGi9Ukhie6fsqXqS9FE2Zaic4tNFD2N2QQaXOMFbuKK4QmDHC0JO6B1Zp41J0LpT0oR68amQ==",
			"dependencies": {
				"safe-buffer": "^5.1.0"
			}
		},
		"node_modules/safe-buffer": {
			"version": "5.2.1",
			"resolved": "https://registry.npmjs.org/safe-buffer/-/safe-buffer-5.2.1.tgz",
			"integrity": "sha512-rp3So07KcdmmKbGvgaNxQSJr7bGVSVk5S9Eq1F+ppbRo70+YeaDxkw5Dd8NPN+GD6bjnYm2VuPuCXmpuYvmCXQ==",
			"funding": [
				{
					"type": "github",
					"url": "https://github.com/sponsors/feross"
				},
				{
					"type": "patreon",
					"url": "https://www.patreon.com/feross"
				},
				{
					"type": "consulting",
					"url": "https://feross.org/support"
				}
			]
		},
		"node_modules/split-on-first": {
			"version": "1.1.0",
			"resolved": "https://registry.npmjs.org/split-on-first/-/split-on-first-1.1.0.tgz",
			"integrity": "sha512-43ZssAJaMusuKWL8sKUBQXHWOpq8d6CfN/u1p4gUzfJkM05C8rxTmYrkIPTXapZpORA6LkkzcUulJ8FqA7Uudw==",
			"engines": {
				"node": ">=6"
			}
		},
		"node_modules/strict-uri-encode": {
			"version": "2.0.0",
			"resolved": "https://registry.npmjs.org/strict-uri-encode/-/strict-uri-encode-2.0.0.tgz",
			"integrity": "sha1-ucczDHBChi9rFC3CdLvMWGbONUY=",
			"engines": {
				"node": ">=4"
			}
		},
		"node_modules/typedarray-to-buffer": {
			"version": "3.1.5",
			"resolved": "https://registry.npmjs.org/typedarray-to-buffer/-/typedarray-to-buffer-3.1.5.tgz",
			"integrity": "sha512-zdu8XMNEDepKKR+XYOXAVPtWui0ly0NtohUscw+UmaHiAWT8hrV1rr//H6V+0DvJ3OQ19S979M0laLfX8rm82Q==",
			"dependencies": {
				"is-typedarray": "^1.0.0"
			}
		},
		"node_modules/ws": {
			"version": "7.5.3",
			"resolved": "https://registry.npmjs.org/ws/-/ws-7.5.3.tgz",
			"integrity": "sha512-kQ/dHIzuLrS6Je9+uv81ueZomEwH0qVYstcAQ4/Z93K8zeko9gtAbttJWzoC5ukqXY1PpoouV3+VSOqEAFt5wg==",
			"engines": {
				"node": ">=8.3.0"
			},
			"peerDependencies": {
				"bufferutil": "^4.0.1",
				"utf-8-validate": "^5.0.2"
			},
			"peerDependenciesMeta": {
				"bufferutil": {
					"optional": true
				},
				"utf-8-validate": {
					"optional": true
				}
			}
		}
	},
	"dependencies": {
		"@walletconnect/browser-utils": {
			"version": "1.7.7",
			"resolved": "https://registry.npmjs.org/@walletconnect/browser-utils/-/browser-utils-1.7.7.tgz",
			"integrity": "sha512-6Mt7DSPaG0FKnHhuVzkU1hgtsCpGvl2nfbfRytLpyDY05iWMzMg5uK1DzV+0k4hCt9pVli0JVNt6dh9a6Xm94w==",
			"requires": {
				"@walletconnect/safe-json": "1.0.0",
				"@walletconnect/types": "^1.7.7",
				"@walletconnect/window-getters": "1.0.0",
				"@walletconnect/window-metadata": "1.0.0",
				"detect-browser": "5.2.0"
			}
		},
		"@walletconnect/client": {
			"version": "1.7.7",
			"resolved": "https://registry.npmjs.org/@walletconnect/client/-/client-1.7.7.tgz",
			"integrity": "sha512-UuDkpXDc1Emx09aGXKz2Fg8omNp5J8ZRgNblnQTb8xnoQ8rgOJSyhbFR37PFIFwVpriZZDAgmy8HlqoGwLQ2ug==",
			"requires": {
				"@walletconnect/core": "^1.7.7",
				"@walletconnect/iso-crypto": "^1.7.7",
				"@walletconnect/types": "^1.7.7",
				"@walletconnect/utils": "^1.7.7"
			}
		},
		"@walletconnect/core": {
			"version": "1.7.7",
			"resolved": "https://registry.npmjs.org/@walletconnect/core/-/core-1.7.7.tgz",
			"integrity": "sha512-XsF2x4JcBS1V2Nk/Uh38dU7ZlLmW/R5oxHp4+tVgCwTID6nZlo3vUSHBOqM7jgDRblKOHixANollm0r94bM8Cg==",
			"requires": {
				"@walletconnect/socket-transport": "^1.7.7",
				"@walletconnect/types": "^1.7.7",
				"@walletconnect/utils": "^1.7.7"
			}
		},
		"@walletconnect/crypto": {
			"version": "1.0.2",
			"resolved": "https://registry.npmjs.org/@walletconnect/crypto/-/crypto-1.0.2.tgz",
			"integrity": "sha512-+OlNtwieUqVcOpFTvLBvH+9J9pntEqH5evpINHfVxff1XIgwV55PpbdvkHu6r9Ib4WQDOFiD8OeeXs1vHw7xKQ==",
			"requires": {
				"@walletconnect/encoding": "^1.0.1",
				"@walletconnect/environment": "^1.0.0",
				"@walletconnect/randombytes": "^1.0.2",
				"aes-js": "^3.1.2",
				"hash.js": "^1.1.7"
			}
		},
		"@walletconnect/encoding": {
			"version": "1.0.1",
			"resolved": "https://registry.npmjs.org/@walletconnect/encoding/-/encoding-1.0.1.tgz",
			"integrity": "sha512-8opL2rs6N6E3tJfsqwS82aZQDL3gmupWUgmvuZ3CGU7z/InZs3R9jkzH8wmYtpbq0sFK3WkJkQRZFFk4BkrmFA==",
			"requires": {
				"is-typedarray": "1.0.0",
				"typedarray-to-buffer": "3.1.5"
			}
		},
		"@walletconnect/environment": {
			"version": "1.0.0",
			"resolved": "https://registry.npmjs.org/@walletconnect/environment/-/environment-1.0.0.tgz",
			"integrity": "sha512-4BwqyWy6KpSvkocSaV7WR3BlZfrxLbJSLkg+j7Gl6pTDE+U55lLhJvQaMuDVazXYxcjBsG09k7UlH7cGiUI5vQ=="
		},
		"@walletconnect/iso-crypto": {
			"version": "1.7.7",
			"resolved": "https://registry.npmjs.org/@walletconnect/iso-crypto/-/iso-crypto-1.7.7.tgz",
			"integrity": "sha512-t8RKJZkFtFyWMFrl0jPz/3RAGhM5yext+MLFq3L/KTPxLgMZuT1yFHRUiV7cAN3+LcCmk6Sy/rV1yQPTiB158Q==",
			"requires": {
				"@walletconnect/crypto": "^1.0.2",
				"@walletconnect/types": "^1.7.7",
				"@walletconnect/utils": "^1.7.7"
			}
		},
		"@walletconnect/jsonrpc-types": {
			"version": "1.0.0",
			"resolved": "https://registry.npmjs.org/@walletconnect/jsonrpc-types/-/jsonrpc-types-1.0.0.tgz",
			"integrity": "sha512-11QXNq5H1PKZk7bP8SxgmCw3HRaDuPOVE+wObqEvmhc7OWYUZqfuaaMb+OXGRSOHL3sbC+XHfdeCxFTMXSFyng==",
			"requires": {
				"keyvaluestorage-interface": "^1.0.0"
			}
		},
		"@walletconnect/jsonrpc-utils": {
			"version": "1.0.0",
			"resolved": "https://registry.npmjs.org/@walletconnect/jsonrpc-utils/-/jsonrpc-utils-1.0.0.tgz",
			"integrity": "sha512-qUHbKUK6sHeHn67qtHZoLoYk5hS6x1arTPjKDRkY93/6Fx+ZmNIpdm1owX3l6aYueyegJ7mz43FpvYHUqJ8xcw==",
			"requires": {
				"@walletconnect/environment": "^1.0.0",
				"@walletconnect/jsonrpc-types": "^1.0.0"
			}
		},
		"@walletconnect/randombytes": {
			"version": "1.0.2",
			"resolved": "https://registry.npmjs.org/@walletconnect/randombytes/-/randombytes-1.0.2.tgz",
			"integrity": "sha512-ivgOtAyqQnN0rLQmOFPemsgYGysd/ooLfaDA/ACQ3cyqlca56t3rZc7pXfqJOIETx/wSyoF5XbwL+BqYodw27A==",
			"requires": {
				"@walletconnect/encoding": "^1.0.1",
				"@walletconnect/environment": "^1.0.0",
				"randombytes": "^2.1.0"
			}
		},
		"@walletconnect/safe-json": {
			"version": "1.0.0",
			"resolved": "https://registry.npmjs.org/@walletconnect/safe-json/-/safe-json-1.0.0.tgz",
			"integrity": "sha512-QJzp/S/86sUAgWY6eh5MKYmSfZaRpIlmCJdi5uG4DJlKkZrHEF7ye7gA+VtbVzvTtpM/gRwO2plQuiooIeXjfg=="
		},
		"@walletconnect/socket-transport": {
			"version": "1.7.7",
			"resolved": "https://registry.npmjs.org/@walletconnect/socket-transport/-/socket-transport-1.7.7.tgz",
			"integrity": "sha512-RxeFkT+5BqdaZzPtPYIw6+KSVh6Q1NaYqTiAzWWh9RPuvuTajIEsi+fUXizfkpmyi9UTYBvdFXnKcB+eSImpDg==",
			"requires": {
				"@walletconnect/types": "^1.7.7",
				"@walletconnect/utils": "^1.7.7",
				"ws": "7.5.3"
			}
		},
		"@walletconnect/types": {
			"version": "1.7.7",
			"resolved": "https://registry.npmjs.org/@walletconnect/types/-/types-1.7.7.tgz",
			"integrity": "sha512-yXJrLxwLLCXtWgd/e8FjfY9v5DKds12Z7EEPzUrPSq6v7WtXpqate577KwlFQ6UYzioQzIEDE8+98j+0aiZbsw=="
		},
		"@walletconnect/utils": {
			"version": "1.7.7",
			"resolved": "https://registry.npmjs.org/@walletconnect/utils/-/utils-1.7.7.tgz",
			"integrity": "sha512-slNlnROS4DEusGFx53hshIBylYhzd5JtGF+AJpza+Tc616+u8ozjQ9aKKUaV85bucnv5Q42bTwLYrYrXiydmuw==",
			"requires": {
				"@walletconnect/browser-utils": "^1.7.7",
				"@walletconnect/encoding": "^1.0.1",
				"@walletconnect/jsonrpc-utils": "^1.0.0",
				"@walletconnect/types": "^1.7.7",
				"bn.js": "4.11.8",
				"js-sha3": "0.8.0",
				"query-string": "6.13.5"
			}
		},
		"@walletconnect/window-getters": {
			"version": "1.0.0",
			"resolved": "https://registry.npmjs.org/@walletconnect/window-getters/-/window-getters-1.0.0.tgz",
			"integrity": "sha512-xB0SQsLaleIYIkSsl43vm8EwETpBzJ2gnzk7e0wMF3ktqiTGS6TFHxcprMl5R44KKh4tCcHCJwolMCaDSwtAaA=="
		},
		"@walletconnect/window-metadata": {
			"version": "1.0.0",
			"resolved": "https://registry.npmjs.org/@walletconnect/window-metadata/-/window-metadata-1.0.0.tgz",
			"integrity": "sha512-9eFvmJxIKCC3YWOL97SgRkKhlyGXkrHwamfechmqszbypFspaSk+t2jQXAEU7YClHF6Qjw5eYOmy1//zFi9/GA==",
			"requires": {
				"@walletconnect/window-getters": "^1.0.0"
			}
		},
		"aes-js": {
			"version": "3.1.2",
			"resolved": "https://registry.npmjs.org/aes-js/-/aes-js-3.1.2.tgz",
			"integrity": "sha512-e5pEa2kBnBOgR4Y/p20pskXI74UEz7de8ZGVo58asOtvSVG5YAbJeELPZxOmt+Bnz3rX753YKhfIn4X4l1PPRQ=="
		},
		"bn.js": {
			"version": "4.11.8",
			"resolved": "https://registry.npmjs.org/bn.js/-/bn.js-4.11.8.tgz",
			"integrity": "sha512-ItfYfPLkWHUjckQCk8xC+LwxgK8NYcXywGigJgSwOP8Y2iyWT4f2vsZnoOXTTbo+o5yXmIUJ4gn5538SO5S3gA=="
		},
		"decode-uri-component": {
			"version": "0.2.0",
			"resolved": "https://registry.npmjs.org/decode-uri-component/-/decode-uri-component-0.2.0.tgz",
			"integrity": "sha1-6zkTMzRYd1y4TNGh+uBiEGu4dUU="
		},
		"detect-browser": {
			"version": "5.2.0",
			"resolved": "https://registry.npmjs.org/detect-browser/-/detect-browser-5.2.0.tgz",
			"integrity": "sha512-tr7XntDAu50BVENgQfajMLzacmSe34D+qZc4zjnniz0ZVuw/TZcLcyxHQjYpJTM36sGEkZZlYLnIM1hH7alTMA=="
		},
		"hash.js": {
			"version": "1.1.7",
			"resolved": "https://registry.npmjs.org/hash.js/-/hash.js-1.1.7.tgz",
			"integrity": "sha512-taOaskGt4z4SOANNseOviYDvjEJinIkRgmp7LbKP2YTTmVxWBl87s/uzK9r+44BclBSp2X7K1hqeNfz9JbBeXA==",
			"requires": {
				"inherits": "^2.0.3",
				"minimalistic-assert": "^1.0.1"
			}
		},
		"inherits": {
			"version": "2.0.4",
			"resolved": "https://registry.npmjs.org/inherits/-/inherits-2.0.4.tgz",
			"integrity": "sha512-k/vGaX4/Yla3WzyMCvTQOXYeIHvqOKtnqBduzTHpzpQZzAskKMhZ2K+EnBiSM9zGSoIFeMpXKxa4dYeZIQqewQ=="
		},
		"is-typedarray": {
			"version": "1.0.0",
			"resolved": "https://registry.npmjs.org/is-typedarray/-/is-typedarray-1.0.0.tgz",
			"integrity": "sha1-5HnICFjfDBsR3dppQPlgEfzaSpo="
		},
		"js-sha3": {
			"version": "0.8.0",
			"resolved": "https://registry.npmjs.org/js-sha3/-/js-sha3-0.8.0.tgz",
			"integrity": "sha512-gF1cRrHhIzNfToc802P800N8PpXS+evLLXfsVpowqmAFR9uwbi89WvXg2QspOmXL8QL86J4T1EpFu+yUkwJY3Q=="
		},
		"keyvaluestorage-interface": {
			"version": "1.0.0",
			"resolved": "https://registry.npmjs.org/keyvaluestorage-interface/-/keyvaluestorage-interface-1.0.0.tgz",
			"integrity": "sha512-8t6Q3TclQ4uZynJY9IGr2+SsIGwK9JHcO6ootkHCGA0CrQCRy+VkouYNO2xicET6b9al7QKzpebNow+gkpCL8g=="
		},
		"minimalistic-assert": {
			"version": "1.0.1",
			"resolved": "https://registry.npmjs.org/minimalistic-assert/-/minimalistic-assert-1.0.1.tgz",
			"integrity": "sha512-UtJcAD4yEaGtjPezWuO9wC4nwUnVH/8/Im3yEHQP4b67cXlD/Qr9hdITCU1xDbSEXg2XKNaP8jsReV7vQd00/A=="
		},
		"query-string": {
			"version": "6.13.5",
			"resolved": "https://registry.npmjs.org/query-string/-/query-string-6.13.5.tgz",
			"integrity": "sha512-svk3xg9qHR39P3JlHuD7g3nRnyay5mHbrPctEBDUxUkHRifPHXJDhBUycdCC0NBjXoDf44Gb+IsOZL1Uwn8M/Q==",
			"requires": {
				"decode-uri-component": "^0.2.0",
				"split-on-first": "^1.0.0",
				"strict-uri-encode": "^2.0.0"
			}
		},
		"randombytes": {
			"version": "2.1.0",
			"resolved": "https://registry.npmjs.org/randombytes/-/randombytes-2.1.0.tgz",
			"integrity": "sha512-vYl3iOX+4CKUWuxGi9Ukhie6fsqXqS9FE2Zaic4tNFD2N2QQaXOMFbuKK4QmDHC0JO6B1Zp41J0LpT0oR68amQ==",
			"requires": {
				"safe-buffer": "^5.1.0"
			}
		},
		"safe-buffer": {
			"version": "5.2.1",
			"resolved": "https://registry.npmjs.org/safe-buffer/-/safe-buffer-5.2.1.tgz",
			"integrity": "sha512-rp3So07KcdmmKbGvgaNxQSJr7bGVSVk5S9Eq1F+ppbRo70+YeaDxkw5Dd8NPN+GD6bjnYm2VuPuCXmpuYvmCXQ=="
		},
		"split-on-first": {
			"version": "1.1.0",
			"resolved": "https://registry.npmjs.org/split-on-first/-/split-on-first-1.1.0.tgz",
			"integrity": "sha512-43ZssAJaMusuKWL8sKUBQXHWOpq8d6CfN/u1p4gUzfJkM05C8rxTmYrkIPTXapZpORA6LkkzcUulJ8FqA7Uudw=="
		},
		"strict-uri-encode": {
			"version": "2.0.0",
			"resolved": "https://registry.npmjs.org/strict-uri-encode/-/strict-uri-encode-2.0.0.tgz",
			"integrity": "sha1-ucczDHBChi9rFC3CdLvMWGbONUY="
		},
		"typedarray-to-buffer": {
			"version": "3.1.5",
			"resolved": "https://registry.npmjs.org/typedarray-to-buffer/-/typedarray-to-buffer-3.1.5.tgz",
			"integrity": "sha512-zdu8XMNEDepKKR+XYOXAVPtWui0ly0NtohUscw+UmaHiAWT8hrV1rr//H6V+0DvJ3OQ19S979M0laLfX8rm82Q==",
			"requires": {
				"is-typedarray": "^1.0.0"
			}
		},
		"ws": {
			"version": "7.5.3",
			"resolved": "https://registry.npmjs.org/ws/-/ws-7.5.3.tgz",
			"integrity": "sha512-kQ/dHIzuLrS6Je9+uv81ueZomEwH0qVYstcAQ4/Z93K8zeko9gtAbttJWzoC5ukqXY1PpoouV3+VSOqEAFt5wg==",
			"requires": {}
		}
	}
}
